
Microsoft Visual Studio Solution File, Format Version 12.00
# Visual Studio Version 17
VisualStudioVersion = 17.7.34018.315
MinimumVisualStudioVersion = 10.0.40219.1
Project("{9A19103F-16F7-4668-BE54-9A1E7A4F7556}") = "Magnum API web application", "Magnum web application\Magnum API web application.csproj", "{3C962FB2-4E0B-4738-B708-0B55A6C36A9C}"
	ProjectSection(ProjectDependencies) = postProject
		{3706FEE0-864C-4129-946B-E30CF7B521F4} = {3706FEE0-864C-4129-946B-E30CF7B521F4}
	EndProjectSection
EndProject
Project("{9A19103F-16F7-4668-BE54-9A1E7A4F7556}") = "Magnum Web App", "Magnum Web App\Magnum Web App.csproj", "{85084A66-53EF-4459-9C81-AABDD168D680}"
EndProject
Project("{9A19103F-16F7-4668-BE54-9A1E7A4F7556}") = "MagnumApp_Utility", "MagnumApp_Utility\MagnumApp_Utility.csproj", "{3706FEE0-864C-4129-946B-E30CF7B521F4}"
EndProject
Global
	GlobalSection(SolutionConfigurationPlatforms) = preSolution
		Debug|Any CPU = Debug|Any CPU
		Release|Any CPU = Release|Any CPU
	EndGlobalSection
	GlobalSection(ProjectConfigurationPlatforms) = postSolution
		{3C962FB2-4E0B-4738-B708-0B55A6C36A9C}.Debug|Any CPU.ActiveCfg = Debug|Any CPU
		{3C962FB2-4E0B-4738-B708-0B55A6C36A9C}.Debug|Any CPU.Build.0 = Debug|Any CPU
		{3C962FB2-4E0B-4738-B708-0B55A6C36A9C}.Release|Any CPU.ActiveCfg = Release|Any CPU
		{3C962FB2-4E0B-4738-B708-0B55A6C36A9C}.Release|Any CPU.Build.0 = Release|Any CPU
		{85084A66-53EF-4459-9C81-AABDD168D680}.Debug|Any CPU.ActiveCfg = Debug|Any CPU
		{85084A66-53EF-4459-9C81-AABDD168D680}.Debug|Any CPU.Build.0 = Debug|Any CPU
		{85084A66-53EF-4459-9C81-AABDD168D680}.Release|Any CPU.ActiveCfg = Release|Any CPU
		{85084A66-53EF-4459-9C81-AABDD168D680}.Release|Any CPU.Build.0 = Release|Any CPU
		{3706FEE0-864C-4129-946B-E30CF7B521F4}.Debug|Any CPU.ActiveCfg = Debug|Any CPU
		{3706FEE0-864C-4129-946B-E30CF7B521F4}.Debug|Any CPU.Build.0 = Debug|Any CPU
		{3706FEE0-864C-4129-946B-E30CF7B521F4}.Release|Any CPU.ActiveCfg = Release|Any CPU
		{3706FEE0-864C-4129-946B-E30CF7B521F4}.Release|Any CPU.Build.0 = Release|Any CPU
	EndGlobalSection
	GlobalSection(SolutionProperties) = preSolution
		HideSolutionNode = FALSE
	EndGlobalSection
	GlobalSection(ExtensibilityGlobals) = postSolution
		SolutionGuid = {EBE9D415-6AFB-4015-A6AC-7C6B71CFCB47}
	EndGlobalSection
EndGlobal
